// !$*UTF8*$!
{
	archiveVersion = 1;
	classes = {
	};
	objectVersion = 52;
	objects = {

/* Begin PBXBuildFile section */
		A24DA5B32657D2C000A3B10C /* ARViewContainer.swift in Sources */ = {isa = PBXBuildFile; fileRef = A24DA5B22657D2C000A3B10C /* ARViewContainer.swift */; };
		A270900C26580FB700C017DF /* MySettingView.swift in Sources */ = {isa = PBXBuildFile; fileRef = A270900B26580FB700C017DF /* MySettingView.swift */; };
		A289B30A26577F5B0047A194 /* ios_fitnessApp.swift in Sources */ = {isa = PBXBuildFile; fileRef = A289B30926577F5B0047A194 /* ios_fitnessApp.swift */; };
		A289B30E26577F5E0047A194 /* Assets.xcassets in Resources */ = {isa = PBXBuildFile; fileRef = A289B30D26577F5E0047A194 /* Assets.xcassets */; };
		A289B31126577F5E0047A194 /* Preview Assets.xcassets in Resources */ = {isa = PBXBuildFile; fileRef = A289B31026577F5E0047A194 /* Preview Assets.xcassets */; };
		A289B31326577F5E0047A194 /* Persistence.swift in Sources */ = {isa = PBXBuildFile; fileRef = A289B31226577F5E0047A194 /* Persistence.swift */; };
		A289B31626577F5E0047A194 /* ios_fitness.xcdatamodeld in Sources */ = {isa = PBXBuildFile; fileRef = A289B31426577F5E0047A194 /* ios_fitness.xcdatamodeld */; };
		A289B32426577FBE0047A194 /* GymView.swift in Sources */ = {isa = PBXBuildFile; fileRef = A289B31F26577FBE0047A194 /* GymView.swift */; };
		A289B32526577FBE0047A194 /* ReportView.swift in Sources */ = {isa = PBXBuildFile; fileRef = A289B32126577FBE0047A194 /* ReportView.swift */; };
		A289B3502657B3E00047A194 /* character in Resources */ = {isa = PBXBuildFile; fileRef = A289B34F2657B3E00047A194 /* character */; };
		A289B3552657D0670047A194 /* ContentView.swift in Sources */ = {isa = PBXBuildFile; fileRef = A289B3542657D0670047A194 /* ContentView.swift */; };
		A28F93932664F2DE00CAB107 /* NotificationView.swift in Sources */ = {isa = PBXBuildFile; fileRef = A28F938D2664F2DE00CAB107 /* NotificationView.swift */; };
		A28F93942664F2DE00CAB107 /* SoundEffectView.swift in Sources */ = {isa = PBXBuildFile; fileRef = A28F938F2664F2DE00CAB107 /* SoundEffectView.swift */; };
		A28F93952664F2DE00CAB107 /* UserDetailView.swift in Sources */ = {isa = PBXBuildFile; fileRef = A28F93912664F2DE00CAB107 /* UserDetailView.swift */; };
		A28F93A32664F32200CAB107 /* Weekday.swift in Sources */ = {isa = PBXBuildFile; fileRef = A28F939A2664F32200CAB107 /* Weekday.swift */; };
		A28F93A42664F32200CAB107 /* AlarmTime.swift in Sources */ = {isa = PBXBuildFile; fileRef = A28F939B2664F32200CAB107 /* AlarmTime.swift */; };
		A28F93A52664F32200CAB107 /* AlertOption.swift in Sources */ = {isa = PBXBuildFile; fileRef = A28F939C2664F32200CAB107 /* AlertOption.swift */; };
		A28F93A62664F32200CAB107 /* UserDefaultManager.swift in Sources */ = {isa = PBXBuildFile; fileRef = A28F939E2664F32200CAB107 /* UserDefaultManager.swift */; };
		A28F93A72664F32200CAB107 /* NotificationViewModel.swift in Sources */ = {isa = PBXBuildFile; fileRef = A28F939F2664F32200CAB107 /* NotificationViewModel.swift */; };
		A28F93A82664F32200CAB107 /* TimePicker.swift in Sources */ = {isa = PBXBuildFile; fileRef = A28F93A12664F32200CAB107 /* TimePicker.swift */; };
		A28F93A92664F32200CAB107 /* SettingFormRow.swift in Sources */ = {isa = PBXBuildFile; fileRef = A28F93A22664F32200CAB107 /* SettingFormRow.swift */; };
		A29F44242667826700B0E029 /* ActionsDataView.swift in Sources */ = {isa = PBXBuildFile; fileRef = A29F44232667826700B0E029 /* ActionsDataView.swift */; };
		A2AC685D266C84BC0065BA6F /* HighKneesRunningInPlaceAction.swift in Sources */ = {isa = PBXBuildFile; fileRef = A2AC685C266C84BC0065BA6F /* HighKneesRunningInPlaceAction.swift */; };
		A2AC6860266C8FDE0065BA6F /* RunAction.swift in Sources */ = {isa = PBXBuildFile; fileRef = A2AC685F266C8FDE0065BA6F /* RunAction.swift */; };
		A2AC6863266C91CF0065BA6F /* SquatJumpAction.swift in Sources */ = {isa = PBXBuildFile; fileRef = A2AC6862266C91CF0065BA6F /* SquatJumpAction.swift */; };
		A2AC6866266C92E60065BA6F /* KickRunningAction.swift in Sources */ = {isa = PBXBuildFile; fileRef = A2AC6865266C92E60065BA6F /* KickRunningAction.swift */; };
		A2AC6869266C945B0065BA6F /* SquatAction.swift in Sources */ = {isa = PBXBuildFile; fileRef = A2AC6868266C945B0065BA6F /* SquatAction.swift */; };
		A2AC686C266C959B0065BA6F /* LungeAction.swift in Sources */ = {isa = PBXBuildFile; fileRef = A2AC686B266C959B0065BA6F /* LungeAction.swift */; };
		A2AC6870266C96A40065BA6F /* CrossUppercutAction.swift in Sources */ = {isa = PBXBuildFile; fileRef = A2AC686F266C96A40065BA6F /* CrossUppercutAction.swift */; };
		A2CADF542657F861009DE25A /* PositionCases.swift in Sources */ = {isa = PBXBuildFile; fileRef = A2CADF4B2657F861009DE25A /* PositionCases.swift */; };
		A2CADF552657F861009DE25A /* LegsPosition.swift in Sources */ = {isa = PBXBuildFile; fileRef = A2CADF4C2657F861009DE25A /* LegsPosition.swift */; };
		A2CADF562657F861009DE25A /* ArmsPosition.swift in Sources */ = {isa = PBXBuildFile; fileRef = A2CADF4D2657F861009DE25A /* ArmsPosition.swift */; };
		A2CADF572657F861009DE25A /* RightArmPosition.swift in Sources */ = {isa = PBXBuildFile; fileRef = A2CADF4E2657F861009DE25A /* RightArmPosition.swift */; };
		A2CADF582657F861009DE25A /* RightLegPosition.swift in Sources */ = {isa = PBXBuildFile; fileRef = A2CADF4F2657F861009DE25A /* RightLegPosition.swift */; };
		A2CADF592657F861009DE25A /* LeftArmPosition.swift in Sources */ = {isa = PBXBuildFile; fileRef = A2CADF502657F861009DE25A /* LeftArmPosition.swift */; };
		A2CADF5A2657F861009DE25A /* Bodypart.swift in Sources */ = {isa = PBXBuildFile; fileRef = A2CADF512657F861009DE25A /* Bodypart.swift */; };
		A2CADF5B2657F861009DE25A /* LeftLegPosition.swift in Sources */ = {isa = PBXBuildFile; fileRef = A2CADF522657F861009DE25A /* LeftLegPosition.swift */; };
		A2CADF5C2657F861009DE25A /* PoseKit.swift in Sources */ = {isa = PBXBuildFile; fileRef = A2CADF532657F861009DE25A /* PoseKit.swift */; };
		A2CBFEA52663B34D0091176A /* Action.swift in Sources */ = {isa = PBXBuildFile; fileRef = A2CBFEA42663B34D0091176A /* Action.swift */; };
		A2CBFEA82663B36F0091176A /* JumpAction.swift in Sources */ = {isa = PBXBuildFile; fileRef = A2CBFEA72663B36F0091176A /* JumpAction.swift */; };
		A2CBFEAD2663B3A00091176A /* CrouchAction.swift in Sources */ = {isa = PBXBuildFile; fileRef = A2CBFEAC2663B3A00091176A /* CrouchAction.swift */; };
		A2CBFEB32663C1830091176A /* SkipRopeAction.swift in Sources */ = {isa = PBXBuildFile; fileRef = A2CBFEB22663C1830091176A /* SkipRopeAction.swift */; };
		A2CBFEB72663D8370091176A /* SquattingUpAction.swift in Sources */ = {isa = PBXBuildFile; fileRef = A2CBFEB62663D8370091176A /* SquattingUpAction.swift */; };
		C3B13E922663563A0079EDF9 /* .gitattributes in Resources */ = {isa = PBXBuildFile; fileRef = C3B13E912663563A0079EDF9 /* .gitattributes */; };
		C3B13E94266371A90079EDF9 /* Charts.swift in Sources */ = {isa = PBXBuildFile; fileRef = C3B13E93266371A90079EDF9 /* Charts.swift */; };
		C3B13E97266372880079EDF9 /* SwiftUICharts in Frameworks */ = {isa = PBXBuildFile; productRef = C3B13E96266372880079EDF9 /* SwiftUICharts */; };
/* End PBXBuildFile section */

/* Begin PBXFileReference section */
		A24DA5B22657D2C000A3B10C /* ARViewContainer.swift */ = {isa = PBXFileReference; lastKnownFileType = sourcecode.swift; path = ARViewContainer.swift; sourceTree = "<group>"; };
		A270900B26580FB700C017DF /* MySettingView.swift */ = {isa = PBXFileReference; fileEncoding = 4; lastKnownFileType = sourcecode.swift; path = MySettingView.swift; sourceTree = "<group>"; };
		A289B30626577F5B0047A194 /* ios_fitness.app */ = {isa = PBXFileReference; explicitFileType = wrapper.application; includeInIndex = 0; path = ios_fitness.app; sourceTree = BUILT_PRODUCTS_DIR; };
		A289B30926577F5B0047A194 /* ios_fitnessApp.swift */ = {isa = PBXFileReference; lastKnownFileType = sourcecode.swift; path = ios_fitnessApp.swift; sourceTree = "<group>"; };
		A289B30D26577F5E0047A194 /* Assets.xcassets */ = {isa = PBXFileReference; lastKnownFileType = folder.assetcatalog; path = Assets.xcassets; sourceTree = "<group>"; };
		A289B31026577F5E0047A194 /* Preview Assets.xcassets */ = {isa = PBXFileReference; lastKnownFileType = folder.assetcatalog; path = "Preview Assets.xcassets"; sourceTree = "<group>"; };
		A289B31226577F5E0047A194 /* Persistence.swift */ = {isa = PBXFileReference; lastKnownFileType = sourcecode.swift; path = Persistence.swift; sourceTree = "<group>"; };
		A289B31526577F5E0047A194 /* ios_fitness.xcdatamodel */ = {isa = PBXFileReference; lastKnownFileType = wrapper.xcdatamodel; path = ios_fitness.xcdatamodel; sourceTree = "<group>"; };
		A289B31726577F5E0047A194 /* Info.plist */ = {isa = PBXFileReference; lastKnownFileType = text.plist.xml; path = Info.plist; sourceTree = "<group>"; };
		A289B31F26577FBE0047A194 /* GymView.swift */ = {isa = PBXFileReference; fileEncoding = 4; lastKnownFileType = sourcecode.swift; path = GymView.swift; sourceTree = "<group>"; };
		A289B32126577FBE0047A194 /* ReportView.swift */ = {isa = PBXFileReference; fileEncoding = 4; lastKnownFileType = sourcecode.swift; path = ReportView.swift; sourceTree = "<group>"; };
		A289B34F2657B3E00047A194 /* character */ = {isa = PBXFileReference; lastKnownFileType = folder; path = character; sourceTree = "<group>"; };
		A289B3542657D0670047A194 /* ContentView.swift */ = {isa = PBXFileReference; fileEncoding = 4; lastKnownFileType = sourcecode.swift; path = ContentView.swift; sourceTree = "<group>"; };
		A28F938D2664F2DE00CAB107 /* NotificationView.swift */ = {isa = PBXFileReference; fileEncoding = 4; lastKnownFileType = sourcecode.swift; path = NotificationView.swift; sourceTree = "<group>"; };
		A28F938F2664F2DE00CAB107 /* SoundEffectView.swift */ = {isa = PBXFileReference; fileEncoding = 4; lastKnownFileType = sourcecode.swift; path = SoundEffectView.swift; sourceTree = "<group>"; };
		A28F93912664F2DE00CAB107 /* UserDetailView.swift */ = {isa = PBXFileReference; fileEncoding = 4; lastKnownFileType = sourcecode.swift; path = UserDetailView.swift; sourceTree = "<group>"; };
		A28F939A2664F32200CAB107 /* Weekday.swift */ = {isa = PBXFileReference; fileEncoding = 4; lastKnownFileType = sourcecode.swift; path = Weekday.swift; sourceTree = "<group>"; };
		A28F939B2664F32200CAB107 /* AlarmTime.swift */ = {isa = PBXFileReference; fileEncoding = 4; lastKnownFileType = sourcecode.swift; path = AlarmTime.swift; sourceTree = "<group>"; };
		A28F939C2664F32200CAB107 /* AlertOption.swift */ = {isa = PBXFileReference; fileEncoding = 4; lastKnownFileType = sourcecode.swift; path = AlertOption.swift; sourceTree = "<group>"; };
		A28F939E2664F32200CAB107 /* UserDefaultManager.swift */ = {isa = PBXFileReference; fileEncoding = 4; lastKnownFileType = sourcecode.swift; path = UserDefaultManager.swift; sourceTree = "<group>"; };
		A28F939F2664F32200CAB107 /* NotificationViewModel.swift */ = {isa = PBXFileReference; fileEncoding = 4; lastKnownFileType = sourcecode.swift; path = NotificationViewModel.swift; sourceTree = "<group>"; };
		A28F93A12664F32200CAB107 /* TimePicker.swift */ = {isa = PBXFileReference; fileEncoding = 4; lastKnownFileType = sourcecode.swift; path = TimePicker.swift; sourceTree = "<group>"; };
		A28F93A22664F32200CAB107 /* SettingFormRow.swift */ = {isa = PBXFileReference; fileEncoding = 4; lastKnownFileType = sourcecode.swift; path = SettingFormRow.swift; sourceTree = "<group>"; };
		A29F44232667826700B0E029 /* ActionsDataView.swift */ = {isa = PBXFileReference; fileEncoding = 4; lastKnownFileType = sourcecode.swift; path = ActionsDataView.swift; sourceTree = "<group>"; };
		A29F44262667830800B0E029 /* ios_fitness2.xcdatamodel */ = {isa = PBXFileReference; lastKnownFileType = wrapper.xcdatamodel; path = ios_fitness2.xcdatamodel; sourceTree = "<group>"; };
		A29F442826678A1400B0E029 /* ios_fitness3.xcdatamodel */ = {isa = PBXFileReference; lastKnownFileType = wrapper.xcdatamodel; path = ios_fitness3.xcdatamodel; sourceTree = "<group>"; };
		A2AC685C266C84BC0065BA6F /* HighKneesRunningInPlaceAction.swift */ = {isa = PBXFileReference; lastKnownFileType = sourcecode.swift; path = HighKneesRunningInPlaceAction.swift; sourceTree = "<group>"; };
		A2AC685F266C8FDE0065BA6F /* RunAction.swift */ = {isa = PBXFileReference; lastKnownFileType = sourcecode.swift; path = RunAction.swift; sourceTree = "<group>"; };
		A2AC6862266C91CF0065BA6F /* SquatJumpAction.swift */ = {isa = PBXFileReference; lastKnownFileType = sourcecode.swift; path = SquatJumpAction.swift; sourceTree = "<group>"; };
		A2AC6865266C92E60065BA6F /* KickRunningAction.swift */ = {isa = PBXFileReference; lastKnownFileType = sourcecode.swift; path = KickRunningAction.swift; sourceTree = "<group>"; };
		A2AC6868266C945B0065BA6F /* SquatAction.swift */ = {isa = PBXFileReference; lastKnownFileType = sourcecode.swift; path = SquatAction.swift; sourceTree = "<group>"; };
		A2AC686B266C959B0065BA6F /* LungeAction.swift */ = {isa = PBXFileReference; lastKnownFileType = sourcecode.swift; path = LungeAction.swift; sourceTree = "<group>"; };
		A2AC686F266C96A40065BA6F /* CrossUppercutAction.swift */ = {isa = PBXFileReference; lastKnownFileType = sourcecode.swift; path = CrossUppercutAction.swift; sourceTree = "<group>"; };
		A2CADF4B2657F861009DE25A /* PositionCases.swift */ = {isa = PBXFileReference; fileEncoding = 4; lastKnownFileType = sourcecode.swift; path = PositionCases.swift; sourceTree = "<group>"; };
		A2CADF4C2657F861009DE25A /* LegsPosition.swift */ = {isa = PBXFileReference; fileEncoding = 4; lastKnownFileType = sourcecode.swift; path = LegsPosition.swift; sourceTree = "<group>"; };
		A2CADF4D2657F861009DE25A /* ArmsPosition.swift */ = {isa = PBXFileReference; fileEncoding = 4; lastKnownFileType = sourcecode.swift; path = ArmsPosition.swift; sourceTree = "<group>"; };
		A2CADF4E2657F861009DE25A /* RightArmPosition.swift */ = {isa = PBXFileReference; fileEncoding = 4; lastKnownFileType = sourcecode.swift; path = RightArmPosition.swift; sourceTree = "<group>"; };
		A2CADF4F2657F861009DE25A /* RightLegPosition.swift */ = {isa = PBXFileReference; fileEncoding = 4; lastKnownFileType = sourcecode.swift; path = RightLegPosition.swift; sourceTree = "<group>"; };
		A2CADF502657F861009DE25A /* LeftArmPosition.swift */ = {isa = PBXFileReference; fileEncoding = 4; lastKnownFileType = sourcecode.swift; path = LeftArmPosition.swift; sourceTree = "<group>"; };
		A2CADF512657F861009DE25A /* Bodypart.swift */ = {isa = PBXFileReference; fileEncoding = 4; lastKnownFileType = sourcecode.swift; path = Bodypart.swift; sourceTree = "<group>"; };
		A2CADF522657F861009DE25A /* LeftLegPosition.swift */ = {isa = PBXFileReference; fileEncoding = 4; lastKnownFileType = sourcecode.swift; path = LeftLegPosition.swift; sourceTree = "<group>"; };
		A2CADF532657F861009DE25A /* PoseKit.swift */ = {isa = PBXFileReference; fileEncoding = 4; lastKnownFileType = sourcecode.swift; path = PoseKit.swift; sourceTree = "<group>"; };
		A2CBFEA42663B34D0091176A /* Action.swift */ = {isa = PBXFileReference; lastKnownFileType = sourcecode.swift; path = Action.swift; sourceTree = "<group>"; };
		A2CBFEA72663B36F0091176A /* JumpAction.swift */ = {isa = PBXFileReference; lastKnownFileType = sourcecode.swift; path = JumpAction.swift; sourceTree = "<group>"; };
		A2CBFEAC2663B3A00091176A /* CrouchAction.swift */ = {isa = PBXFileReference; lastKnownFileType = sourcecode.swift; path = CrouchAction.swift; sourceTree = "<group>"; };
		A2CBFEB22663C1830091176A /* SkipRopeAction.swift */ = {isa = PBXFileReference; lastKnownFileType = sourcecode.swift; path = SkipRopeAction.swift; sourceTree = "<group>"; };
		A2CBFEB62663D8370091176A /* SquattingUpAction.swift */ = {isa = PBXFileReference; lastKnownFileType = sourcecode.swift; path = SquattingUpAction.swift; sourceTree = "<group>"; };
		C3B13E912663563A0079EDF9 /* .gitattributes */ = {isa = PBXFileReference; lastKnownFileType = text; path = .gitattributes; sourceTree = "<group>"; };
		C3B13E93266371A90079EDF9 /* Charts.swift */ = {isa = PBXFileReference; fileEncoding = 4; lastKnownFileType = sourcecode.swift; path = Charts.swift; sourceTree = "<group>"; };
/* End PBXFileReference section */

/* Begin PBXFrameworksBuildPhase section */
		A289B30326577F5B0047A194 /* Frameworks */ = {
			isa = PBXFrameworksBuildPhase;
			buildActionMask = 2147483647;
			files = (
				C3B13E97266372880079EDF9 /* SwiftUICharts in Frameworks */,
			);
			runOnlyForDeploymentPostprocessing = 0;
		};
/* End PBXFrameworksBuildPhase section */

/* Begin PBXGroup section */
		A287C547265888CB009066D3 /* Model */ = {
			isa = PBXGroup;
			children = (
				A289B31426577F5E0047A194 /* ios_fitness.xcdatamodeld */,
				A289B31226577F5E0047A194 /* Persistence.swift */,
			);
			path = Model;
			sourceTree = "<group>";
		};
		A289B2FD26577F5B0047A194 = {
			isa = PBXGroup;
			children = (
				C3B13E912663563A0079EDF9 /* .gitattributes */,
				A289B30826577F5B0047A194 /* ios_fitness */,
				A289B30726577F5B0047A194 /* Products */,
			);
			sourceTree = "<group>";
		};
		A289B30726577F5B0047A194 /* Products */ = {
			isa = PBXGroup;
			children = (
				A289B30626577F5B0047A194 /* ios_fitness.app */,
			);
			name = Products;
			sourceTree = "<group>";
		};
		A289B30826577F5B0047A194 /* ios_fitness */ = {
			isa = PBXGroup;
			children = (
				A2CADF4A2657F861009DE25A /* PoseKit */,
				A289B31E26577FBE0047A194 /* Gym */,
				A289B32026577FBE0047A194 /* Report */,
				A289B32226577FBE0047A194 /* MySetting */,
				A287C547265888CB009066D3 /* Model */,
				A289B30926577F5B0047A194 /* ios_fitnessApp.swift */,
				A289B3542657D0670047A194 /* ContentView.swift */,
				A289B34F2657B3E00047A194 /* character */,
				A289B31726577F5E0047A194 /* Info.plist */,
				A289B30F26577F5E0047A194 /* Preview Content */,
			);
			path = ios_fitness;
			sourceTree = "<group>";
		};
		A289B30F26577F5E0047A194 /* Preview Content */ = {
			isa = PBXGroup;
			children = (
				A289B30D26577F5E0047A194 /* Assets.xcassets */,
				A289B31026577F5E0047A194 /* Preview Assets.xcassets */,
			);
			path = "Preview Content";
			sourceTree = "<group>";
		};
		A289B31E26577FBE0047A194 /* Gym */ = {
			isa = PBXGroup;
			children = (
				A2CBFEAB2663B3870091176A /* Actions */,
				A24DA5B22657D2C000A3B10C /* ARViewContainer.swift */,
				A289B31F26577FBE0047A194 /* GymView.swift */,
				A29F44232667826700B0E029 /* ActionsDataView.swift */,
			);
			path = Gym;
			sourceTree = "<group>";
		};
		A289B32026577FBE0047A194 /* Report */ = {
			isa = PBXGroup;
			children = (
				C3B13E93266371A90079EDF9 /* Charts.swift */,
				A289B32126577FBE0047A194 /* ReportView.swift */,
			);
			path = Report;
			sourceTree = "<group>";
		};
		A289B32226577FBE0047A194 /* MySetting */ = {
			isa = PBXGroup;
			children = (
				A28F93A02664F32200CAB107 /* Component */,
				A28F93992664F32200CAB107 /* Model */,
				A28F939D2664F32200CAB107 /* ViewModel */,
				A28F938C2664F2DE00CAB107 /* Notification */,
				A28F938E2664F2DE00CAB107 /* SoundEffect */,
				A28F93902664F2DE00CAB107 /* UserDetail */,
				A270900B26580FB700C017DF /* MySettingView.swift */,
			);
			path = MySetting;
			sourceTree = "<group>";
		};
		A28F938C2664F2DE00CAB107 /* Notification */ = {
			isa = PBXGroup;
			children = (
				A28F938D2664F2DE00CAB107 /* NotificationView.swift */,
			);
			path = Notification;
			sourceTree = "<group>";
		};
		A28F938E2664F2DE00CAB107 /* SoundEffect */ = {
			isa = PBXGroup;
			children = (
				A28F938F2664F2DE00CAB107 /* SoundEffectView.swift */,
			);
			path = SoundEffect;
			sourceTree = "<group>";
		};
		A28F93902664F2DE00CAB107 /* UserDetail */ = {
			isa = PBXGroup;
			children = (
				A28F93912664F2DE00CAB107 /* UserDetailView.swift */,
			);
			path = UserDetail;
			sourceTree = "<group>";
		};
		A28F93992664F32200CAB107 /* Model */ = {
			isa = PBXGroup;
			children = (
				A28F939A2664F32200CAB107 /* Weekday.swift */,
				A28F939B2664F32200CAB107 /* AlarmTime.swift */,
				A28F939C2664F32200CAB107 /* AlertOption.swift */,
			);
			path = Model;
			sourceTree = "<group>";
		};
		A28F939D2664F32200CAB107 /* ViewModel */ = {
			isa = PBXGroup;
			children = (
				A28F939E2664F32200CAB107 /* UserDefaultManager.swift */,
				A28F939F2664F32200CAB107 /* NotificationViewModel.swift */,
			);
			path = ViewModel;
			sourceTree = "<group>";
		};
		A28F93A02664F32200CAB107 /* Component */ = {
			isa = PBXGroup;
			children = (
				A28F93A12664F32200CAB107 /* TimePicker.swift */,
				A28F93A22664F32200CAB107 /* SettingFormRow.swift */,
			);
			path = Component;
			sourceTree = "<group>";
		};
		A2CADF4A2657F861009DE25A /* PoseKit */ = {
			isa = PBXGroup;
			children = (
				A2CADF4B2657F861009DE25A /* PositionCases.swift */,
				A2CADF4C2657F861009DE25A /* LegsPosition.swift */,
				A2CADF4D2657F861009DE25A /* ArmsPosition.swift */,
				A2CADF4E2657F861009DE25A /* RightArmPosition.swift */,
				A2CADF4F2657F861009DE25A /* RightLegPosition.swift */,
				A2CADF502657F861009DE25A /* LeftArmPosition.swift */,
				A2CADF512657F861009DE25A /* Bodypart.swift */,
				A2CADF522657F861009DE25A /* LeftLegPosition.swift */,
				A2CADF532657F861009DE25A /* PoseKit.swift */,
			);
			path = PoseKit;
			sourceTree = "<group>";
		};
		A2CBFEAB2663B3870091176A /* Actions */ = {
			isa = PBXGroup;
			children = (
				A2CBFEA42663B34D0091176A /* Action.swift */,
				A2CBFEA72663B36F0091176A /* JumpAction.swift */,
				A2CBFEAC2663B3A00091176A /* CrouchAction.swift */,
				A2CBFEB22663C1830091176A /* SkipRopeAction.swift */,
				A2CBFEB62663D8370091176A /* SquattingUpAction.swift */,
				A2AC685C266C84BC0065BA6F /* HighKneesRunningInPlaceAction.swift */,
				A2AC685F266C8FDE0065BA6F /* RunAction.swift */,
				A2AC6862266C91CF0065BA6F /* SquatJumpAction.swift */,
				A2AC6865266C92E60065BA6F /* KickRunningAction.swift */,
				A2AC6868266C945B0065BA6F /* SquatAction.swift */,
				A2AC686B266C959B0065BA6F /* LungeAction.swift */,
				A2AC686F266C96A40065BA6F /* CrossUppercutAction.swift */,
			);
			path = Actions;
			sourceTree = "<group>";
		};
/* End PBXGroup section */

/* Begin PBXNativeTarget section */
		A289B30526577F5B0047A194 /* ios_fitness */ = {
			isa = PBXNativeTarget;
			buildConfigurationList = A289B31A26577F5E0047A194 /* Build configuration list for PBXNativeTarget "ios_fitness" */;
			buildPhases = (
				A289B30226577F5B0047A194 /* Sources */,
				A289B30326577F5B0047A194 /* Frameworks */,
				A289B30426577F5B0047A194 /* Resources */,
			);
			buildRules = (
			);
			dependencies = (
			);
			name = ios_fitness;
			packageProductDependencies = (
				C3B13E96266372880079EDF9 /* SwiftUICharts */,
			);
			productName = ios_fitness;
			productReference = A289B30626577F5B0047A194 /* ios_fitness.app */;
			productType = "com.apple.product-type.application";
		};
/* End PBXNativeTarget section */

/* Begin PBXProject section */
		A289B2FE26577F5B0047A194 /* Project object */ = {
			isa = PBXProject;
			attributes = {
				LastSwiftUpdateCheck = 1240;
				LastUpgradeCheck = 1240;
				TargetAttributes = {
					A289B30526577F5B0047A194 = {
						CreatedOnToolsVersion = 12.4;
					};
				};
			};
			buildConfigurationList = A289B30126577F5B0047A194 /* Build configuration list for PBXProject "ios_fitness" */;
			compatibilityVersion = "Xcode 9.3";
			developmentRegion = en;
			hasScannedForEncodings = 0;
			knownRegions = (
				en,
				Base,
			);
			mainGroup = A289B2FD26577F5B0047A194;
			packageReferences = (
				C3B13E95266372880079EDF9 /* XCRemoteSwiftPackageReference "ChartView" */,
			);
			productRefGroup = A289B30726577F5B0047A194 /* Products */;
			projectDirPath = "";
			projectRoot = "";
			targets = (
				A289B30526577F5B0047A194 /* ios_fitness */,
			);
		};
/* End PBXProject section */

/* Begin PBXResourcesBuildPhase section */
		A289B30426577F5B0047A194 /* Resources */ = {
			isa = PBXResourcesBuildPhase;
			buildActionMask = 2147483647;
			files = (
				A289B3502657B3E00047A194 /* character in Resources */,
				A289B31126577F5E0047A194 /* Preview Assets.xcassets in Resources */,
				A289B30E26577F5E0047A194 /* Assets.xcassets in Resources */,
				C3B13E922663563A0079EDF9 /* .gitattributes in Resources */,
			);
			runOnlyForDeploymentPostprocessing = 0;
		};
/* End PBXResourcesBuildPhase section */

/* Begin PBXSourcesBuildPhase section */
		A289B30226577F5B0047A194 /* Sources */ = {
			isa = PBXSourcesBuildPhase;
			buildActionMask = 2147483647;
			files = (
				A289B31326577F5E0047A194 /* Persistence.swift in Sources */,
				A2CADF572657F861009DE25A /* RightArmPosition.swift in Sources */,
				A2CADF592657F861009DE25A /* LeftArmPosition.swift in Sources */,
				A28F93A62664F32200CAB107 /* UserDefaultManager.swift in Sources */,
				A2AC6860266C8FDE0065BA6F /* RunAction.swift in Sources */,
				A2CADF562657F861009DE25A /* ArmsPosition.swift in Sources */,
				A2CADF542657F861009DE25A /* PositionCases.swift in Sources */,
				A289B3552657D0670047A194 /* ContentView.swift in Sources */,
				A28F93942664F2DE00CAB107 /* SoundEffectView.swift in Sources */,
				A28F93A82664F32200CAB107 /* TimePicker.swift in Sources */,
				A28F93A72664F32200CAB107 /* NotificationViewModel.swift in Sources */,
				A2CBFEAD2663B3A00091176A /* CrouchAction.swift in Sources */,
				A289B32526577FBE0047A194 /* ReportView.swift in Sources */,
				A28F93A92664F32200CAB107 /* SettingFormRow.swift in Sources */,
				A28F93932664F2DE00CAB107 /* NotificationView.swift in Sources */,
				A2CADF5C2657F861009DE25A /* PoseKit.swift in Sources */,
				A2AC686C266C959B0065BA6F /* LungeAction.swift in Sources */,
				A29F44242667826700B0E029 /* ActionsDataView.swift in Sources */,
				A2CBFEA82663B36F0091176A /* JumpAction.swift in Sources */,
				A28F93952664F2DE00CAB107 /* UserDetailView.swift in Sources */,
				A2AC685D266C84BC0065BA6F /* HighKneesRunningInPlaceAction.swift in Sources */,
				A28F93A42664F32200CAB107 /* AlarmTime.swift in Sources */,
				A270900C26580FB700C017DF /* MySettingView.swift in Sources */,
				A2CADF5B2657F861009DE25A /* LeftLegPosition.swift in Sources */,
				A2CBFEB72663D8370091176A /* SquattingUpAction.swift in Sources */,
				A24DA5B32657D2C000A3B10C /* ARViewContainer.swift in Sources */,
				A2CADF552657F861009DE25A /* LegsPosition.swift in Sources */,
				A2CBFEA52663B34D0091176A /* Action.swift in Sources */,
				A2AC6866266C92E60065BA6F /* KickRunningAction.swift in Sources */,
				A2CADF582657F861009DE25A /* RightLegPosition.swift in Sources */,
				A289B32426577FBE0047A194 /* GymView.swift in Sources */,
				A28F93A32664F32200CAB107 /* Weekday.swift in Sources */,
				A2AC6869266C945B0065BA6F /* SquatAction.swift in Sources */,
				A2AC6870266C96A40065BA6F /* CrossUppercutAction.swift in Sources */,
				C3B13E94266371A90079EDF9 /* Charts.swift in Sources */,
				A28F93A52664F32200CAB107 /* AlertOption.swift in Sources */,
				A289B31626577F5E0047A194 /* ios_fitness.xcdatamodeld in Sources */,
				A2CBFEB32663C1830091176A /* SkipRopeAction.swift in Sources */,
				A2CADF5A2657F861009DE25A /* Bodypart.swift in Sources */,
				A2AC6863266C91CF0065BA6F /* SquatJumpAction.swift in Sources */,
				A289B30A26577F5B0047A194 /* ios_fitnessApp.swift in Sources */,
			);
			runOnlyForDeploymentPostprocessing = 0;
		};
/* End PBXSourcesBuildPhase section */

/* Begin XCBuildConfiguration section */
		A289B31826577F5E0047A194 /* Debug */ = {
			isa = XCBuildConfiguration;
			buildSettings = {
				ALWAYS_SEARCH_USER_PATHS = NO;
				CLANG_ANALYZER_NONNULL = YES;
				CLANG_ANALYZER_NUMBER_OBJECT_CONVERSION = YES_AGGRESSIVE;
				CLANG_CXX_LANGUAGE_STANDARD = "gnu++14";
				CLANG_CXX_LIBRARY = "libc++";
				CLANG_ENABLE_MODULES = YES;
				CLANG_ENABLE_OBJC_ARC = YES;
				CLANG_ENABLE_OBJC_WEAK = YES;
				CLANG_WARN_BLOCK_CAPTURE_AUTORELEASING = YES;
				CLANG_WARN_BOOL_CONVERSION = YES;
				CLANG_WARN_COMMA = YES;
				CLANG_WARN_CONSTANT_CONVERSION = YES;
				CLANG_WARN_DEPRECATED_OBJC_IMPLEMENTATIONS = YES;
				CLANG_WARN_DIRECT_OBJC_ISA_USAGE = YES_ERROR;
				CLANG_WARN_DOCUMENTATION_COMMENTS = YES;
				CLANG_WARN_EMPTY_BODY = YES;
				CLANG_WARN_ENUM_CONVERSION = YES;
				CLANG_WARN_INFINITE_RECURSION = YES;
				CLANG_WARN_INT_CONVERSION = YES;
				CLANG_WARN_NON_LITERAL_NULL_CONVERSION = YES;
				CLANG_WARN_OBJC_IMPLICIT_RETAIN_SELF = YES;
				CLANG_WARN_OBJC_LITERAL_CONVERSION = YES;
				CLANG_WARN_OBJC_ROOT_CLASS = YES_ERROR;
				CLANG_WARN_QUOTED_INCLUDE_IN_FRAMEWORK_HEADER = YES;
				CLANG_WARN_RANGE_LOOP_ANALYSIS = YES;
				CLANG_WARN_STRICT_PROTOTYPES = YES;
				CLANG_WARN_SUSPICIOUS_MOVE = YES;
				CLANG_WARN_UNGUARDED_AVAILABILITY = YES_AGGRESSIVE;
				CLANG_WARN_UNREACHABLE_CODE = YES;
				CLANG_WARN__DUPLICATE_METHOD_MATCH = YES;
				COPY_PHASE_STRIP = NO;
				DEBUG_INFORMATION_FORMAT = dwarf;
				ENABLE_STRICT_OBJC_MSGSEND = YES;
				ENABLE_TESTABILITY = YES;
				GCC_C_LANGUAGE_STANDARD = gnu11;
				GCC_DYNAMIC_NO_PIC = NO;
				GCC_NO_COMMON_BLOCKS = YES;
				GCC_OPTIMIZATION_LEVEL = 0;
				GCC_PREPROCESSOR_DEFINITIONS = (
					"DEBUG=1",
					"$(inherited)",
				);
				GCC_WARN_64_TO_32_BIT_CONVERSION = YES;
				GCC_WARN_ABOUT_RETURN_TYPE = YES_ERROR;
				GCC_WARN_UNDECLARED_SELECTOR = YES;
				GCC_WARN_UNINITIALIZED_AUTOS = YES_AGGRESSIVE;
				GCC_WARN_UNUSED_FUNCTION = YES;
				GCC_WARN_UNUSED_VARIABLE = YES;
				IPHONEOS_DEPLOYMENT_TARGET = 14.4;
				MTL_ENABLE_DEBUG_INFO = INCLUDE_SOURCE;
				MTL_FAST_MATH = YES;
				ONLY_ACTIVE_ARCH = YES;
				SDKROOT = iphoneos;
				SWIFT_ACTIVE_COMPILATION_CONDITIONS = DEBUG;
				SWIFT_OPTIMIZATION_LEVEL = "-Onone";
			};
			name = Debug;
		};
		A289B31926577F5E0047A194 /* Release */ = {
			isa = XCBuildConfiguration;
			buildSettings = {
				ALWAYS_SEARCH_USER_PATHS = NO;
				CLANG_ANALYZER_NONNULL = YES;
				CLANG_ANALYZER_NUMBER_OBJECT_CONVERSION = YES_AGGRESSIVE;
				CLANG_CXX_LANGUAGE_STANDARD = "gnu++14";
				CLANG_CXX_LIBRARY = "libc++";
				CLANG_ENABLE_MODULES = YES;
				CLANG_ENABLE_OBJC_ARC = YES;
				CLANG_ENABLE_OBJC_WEAK = YES;
				CLANG_WARN_BLOCK_CAPTURE_AUTORELEASING = YES;
				CLANG_WARN_BOOL_CONVERSION = YES;
				CLANG_WARN_COMMA = YES;
				CLANG_WARN_CONSTANT_CONVERSION = YES;
				CLANG_WARN_DEPRECATED_OBJC_IMPLEMENTATIONS = YES;
				CLANG_WARN_DIRECT_OBJC_ISA_USAGE = YES_ERROR;
				CLANG_WARN_DOCUMENTATION_COMMENTS = YES;
				CLANG_WARN_EMPTY_BODY = YES;
				CLANG_WARN_ENUM_CONVERSION = YES;
				CLANG_WARN_INFINITE_RECURSION = YES;
				CLANG_WARN_INT_CONVERSION = YES;
				CLANG_WARN_NON_LITERAL_NULL_CONVERSION = YES;
				CLANG_WARN_OBJC_IMPLICIT_RETAIN_SELF = YES;
				CLANG_WARN_OBJC_LITERAL_CONVERSION = YES;
				CLANG_WARN_OBJC_ROOT_CLASS = YES_ERROR;
				CLANG_WARN_QUOTED_INCLUDE_IN_FRAMEWORK_HEADER = YES;
				CLANG_WARN_RANGE_LOOP_ANALYSIS = YES;
				CLANG_WARN_STRICT_PROTOTYPES = YES;
				CLANG_WARN_SUSPICIOUS_MOVE = YES;
				CLANG_WARN_UNGUARDED_AVAILABILITY = YES_AGGRESSIVE;
				CLANG_WARN_UNREACHABLE_CODE = YES;
				CLANG_WARN__DUPLICATE_METHOD_MATCH = YES;
				COPY_PHASE_STRIP = NO;
				DEBUG_INFORMATION_FORMAT = "dwarf-with-dsym";
				ENABLE_NS_ASSERTIONS = NO;
				ENABLE_STRICT_OBJC_MSGSEND = YES;
				GCC_C_LANGUAGE_STANDARD = gnu11;
				GCC_NO_COMMON_BLOCKS = YES;
				GCC_WARN_64_TO_32_BIT_CONVERSION = YES;
				GCC_WARN_ABOUT_RETURN_TYPE = YES_ERROR;
				GCC_WARN_UNDECLARED_SELECTOR = YES;
				GCC_WARN_UNINITIALIZED_AUTOS = YES_AGGRESSIVE;
				GCC_WARN_UNUSED_FUNCTION = YES;
				GCC_WARN_UNUSED_VARIABLE = YES;
				IPHONEOS_DEPLOYMENT_TARGET = 14.4;
				MTL_ENABLE_DEBUG_INFO = NO;
				MTL_FAST_MATH = YES;
				SDKROOT = iphoneos;
				SWIFT_COMPILATION_MODE = wholemodule;
				SWIFT_OPTIMIZATION_LEVEL = "-O";
				VALIDATE_PRODUCT = YES;
			};
			name = Release;
		};
		A289B31B26577F5E0047A194 /* Debug */ = {
			isa = XCBuildConfiguration;
			buildSettings = {
				ASSETCATALOG_COMPILER_APPICON_NAME = AppIcon;
				ASSETCATALOG_COMPILER_GLOBAL_ACCENT_COLOR_NAME = AccentColor;
				CODE_SIGN_STYLE = Automatic;
				DEVELOPMENT_ASSET_PATHS = "\"ios_fitness/Preview Content\"";
				DEVELOPMENT_TEAM = 4DQ2P92QE7;
				ENABLE_PREVIEWS = YES;
				INFOPLIST_FILE = ios_fitness/Info.plist;
				IPHONEOS_DEPLOYMENT_TARGET = 14.0;
				LD_RUNPATH_SEARCH_PATHS = (
					"$(inherited)",
					"@executable_path/Frameworks",
				);
				PRODUCT_BUNDLE_IDENTIFIER = com.jakey.lee.fitness;
				PRODUCT_NAME = "$(TARGET_NAME)";
				SWIFT_VERSION = 5.0;
				TARGETED_DEVICE_FAMILY = "1,2";
			};
			name = Debug;
		};
		A289B31C26577F5E0047A194 /* Release */ = {
			isa = XCBuildConfiguration;
			buildSettings = {
				ASSETCATALOG_COMPILER_APPICON_NAME = AppIcon;
				ASSETCATALOG_COMPILER_GLOBAL_ACCENT_COLOR_NAME = AccentColor;
				CODE_SIGN_STYLE = Automatic;
				DEVELOPMENT_ASSET_PATHS = "\"ios_fitness/Preview Content\"";
				DEVELOPMENT_TEAM = 4DQ2P92QE7;
				ENABLE_PREVIEWS = YES;
				INFOPLIST_FILE = ios_fitness/Info.plist;
				IPHONEOS_DEPLOYMENT_TARGET = 14.0;
				LD_RUNPATH_SEARCH_PATHS = (
					"$(inherited)",
					"@executable_path/Frameworks",
				);
				PRODUCT_BUNDLE_IDENTIFIER = com.jakey.lee.fitness;
				PRODUCT_NAME = "$(TARGET_NAME)";
				SWIFT_VERSION = 5.0;
				TARGETED_DEVICE_FAMILY = "1,2";
			};
			name = Release;
		};
/* End XCBuildConfiguration section */

/* Begin XCConfigurationList section */
		A289B30126577F5B0047A194 /* Build configuration list for PBXProject "ios_fitness" */ = {
			isa = XCConfigurationList;
			buildConfigurations = (
				A289B31826577F5E0047A194 /* Debug */,
				A289B31926577F5E0047A194 /* Release */,
			);
			defaultConfigurationIsVisible = 0;
			defaultConfigurationName = Release;
		};
		A289B31A26577F5E0047A194 /* Build configuration list for PBXNativeTarget "ios_fitness" */ = {
			isa = XCConfigurationList;
			buildConfigurations = (
				A289B31B26577F5E0047A194 /* Debug */,
				A289B31C26577F5E0047A194 /* Release */,
			);
			defaultConfigurationIsVisible = 0;
			defaultConfigurationName = Release;
		};
/* End XCConfigurationList section */

/* Begin XCRemoteSwiftPackageReference section */
		C3B13E95266372880079EDF9 /* XCRemoteSwiftPackageReference "ChartView" */ = {
			isa = XCRemoteSwiftPackageReference;
			repositoryURL = "https://github.com/AppPear/ChartView";
			requirement = {
				kind = upToNextMajorVersion;
				minimumVersion = 1.5.5;
			};
		};
/* End XCRemoteSwiftPackageReference section */

/* Begin XCSwiftPackageProductDependency section */
		C3B13E96266372880079EDF9 /* SwiftUICharts */ = {
			isa = XCSwiftPackageProductDependency;
			package = C3B13E95266372880079EDF9 /* XCRemoteSwiftPackageReference "ChartView" */;
			productName = SwiftUICharts;
		};
/* End XCSwiftPackageProductDependency section */

/* Begin XCVersionGroup section */
		A289B31426577F5E0047A194 /* ios_fitness.xcdatamodeld */ = {
			isa = XCVersionGroup;
			children = (
				A29F442826678A1400B0E029 /* ios_fitness3.xcdatamodel */,
				A29F44262667830800B0E029 /* ios_fitness2.xcdatamodel */,
				A289B31526577F5E0047A194 /* ios_fitness.xcdatamodel */,
			);
			currentVersion = A29F442826678A1400B0E029 /* ios_fitness3.xcdatamodel */;
			path = ios_fitness.xcdatamodeld;
			sourceTree = "<group>";
			versionGroupType = wrapper.xcdatamodel;
		};
/* End XCVersionGroup section */
	};
	rootObject = A289B2FE26577F5B0047A194 /* Project object */;
}
